
Microsoft Visual Studio Solution File, Format Version 12.00
# Visual Studio 15
Project("{FAE04EC0-301F-11D3-BF4B-00C04F79EFBC}") = "Assembly-CSharp", "Assembly-CSharp.csproj", "{FB3E334A-BFC3-F2CB-3AAA-63EF8BE51322}"
EndProject
Project("{FAE04EC0-301F-11D3-BF4B-00C04F79EFBC}") = "SuperTiled2Unity", "SuperTiled2Unity.csproj", "{2E98EC55-0297-3196-2DFD-2D87F30ED90E}"
EndProject
Project("{FAE04EC0-301F-11D3-BF4B-00C04F79EFBC}") = "SuperTiled2UnityEditor", "SuperTiled2UnityEditor.csproj", "{A75C185E-C548-1935-CF3A-BDA06E98631F}"
EndProject
Project("{FAE04EC0-301F-11D3-BF4B-00C04F79EFBC}") = "Assembly-CSharp-Editor", "Assembly-CSharp-Editor.csproj", "{8E6C51E1-83DF-3FAC-E1D7-06FAB2633C2F}"
EndProject
Global
	GlobalSection(SolutionConfigurationPlatforms) = preSolution
		Debug|Any CPU = Debug|Any CPU
		Release|Any CPU = Release|Any CPU
	EndGlobalSection
	GlobalSection(ProjectConfigurationPlatforms) = postSolution
		{FB3E334A-BFC3-F2CB-3AAA-63EF8BE51322}.Debug|Any CPU.ActiveCfg = Debug|Any CPU
		{FB3E334A-BFC3-F2CB-3AAA-63EF8BE51322}.Debug|Any CPU.Build.0 = Debug|Any CPU
		{FB3E334A-BFC3-F2CB-3AAA-63EF8BE51322}.Release|Any CPU.ActiveCfg = Release|Any CPU
		{FB3E334A-BFC3-F2CB-3AAA-63EF8BE51322}.Release|Any CPU.Build.0 = Release|Any CPU
		{2E98EC55-0297-3196-2DFD-2D87F30ED90E}.Debug|Any CPU.ActiveCfg = Debug|Any CPU
		{2E98EC55-0297-3196-2DFD-2D87F30ED90E}.Debug|Any CPU.Build.0 = Debug|Any CPU
		{2E98EC55-0297-3196-2DFD-2D87F30ED90E}.Release|Any CPU.ActiveCfg = Release|Any CPU
		{2E98EC55-0297-3196-2DFD-2D87F30ED90E}.Release|Any CPU.Build.0 = Release|Any CPU
		{A75C185E-C548-1935-CF3A-BDA06E98631F}.Debug|Any CPU.ActiveCfg = Debug|Any CPU
		{A75C185E-C548-1935-CF3A-BDA06E98631F}.Debug|Any CPU.Build.0 = Debug|Any CPU
		{A75C185E-C548-1935-CF3A-BDA06E98631F}.Release|Any CPU.ActiveCfg = Release|Any CPU
		{A75C185E-C548-1935-CF3A-BDA06E98631F}.Release|Any CPU.Build.0 = Release|Any CPU
		{8E6C51E1-83DF-3FAC-E1D7-06FAB2633C2F}.Debug|Any CPU.ActiveCfg = Debug|Any CPU
		{8E6C51E1-83DF-3FAC-E1D7-06FAB2633C2F}.Debug|Any CPU.Build.0 = Debug|Any CPU
		{8E6C51E1-83DF-3FAC-E1D7-06FAB2633C2F}.Release|Any CPU.ActiveCfg = Release|Any CPU
		{8E6C51E1-83DF-3FAC-E1D7-06FAB2633C2F}.Release|Any CPU.Build.0 = Release|Any CPU
	EndGlobalSection
	GlobalSection(SolutionProperties) = preSolution
		HideSolutionNode = FALSE
	EndGlobalSection
EndGlobal
